
Microsoft Visual Studio Solution File, Format Version 12.00
# Visual Studio 15
VisualStudioVersion = 15.0.28307.271
MinimumVisualStudioVersion = 10.0.40219.1
Project("{262852C6-CD72-467D-83FE-5EEB1973A190}") = "MP3App", "MP3App.jsproj", "{9DD723B5-6B73-44EF-AABA-4594C69B493C}"
EndProject
Global
	GlobalSection(SolutionConfigurationPlatforms) = preSolution
		Debug|Android = Debug|Android
		Debug|iOS = Debug|iOS
		Debug|Windows-ARM = Debug|Windows-ARM
		Debug|Windows-x64 = Debug|Windows-x64
		Debug|Windows-x86 = Debug|Windows-x86
		Release|Android = Release|Android
		Release|iOS = Release|iOS
		Release|Windows-ARM = Release|Windows-ARM
		Release|Windows-x64 = Release|Windows-x64
		Release|Windows-x86 = Release|Windows-x86
	EndGlobalSection
	GlobalSection(ProjectConfigurationPlatforms) = postSolution
		{9DD723B5-6B73-44EF-AABA-4594C69B493C}.Debug|Android.ActiveCfg = Debug|Android
		{9DD723B5-6B73-44EF-AABA-4594C69B493C}.Debug|Android.Build.0 = Debug|Android
		{9DD723B5-6B73-44EF-AABA-4594C69B493C}.Debug|Android.Deploy.0 = Debug|Android
		{9DD723B5-6B73-44EF-AABA-4594C69B493C}.Debug|iOS.ActiveCfg = Debug|iOS
		{9DD723B5-6B73-44EF-AABA-4594C69B493C}.Debug|iOS.Build.0 = Debug|iOS
		{9DD723B5-6B73-44EF-AABA-4594C69B493C}.Debug|iOS.Deploy.0 = Debug|iOS
		{9DD723B5-6B73-44EF-AABA-4594C69B493C}.Debug|Windows-ARM.ActiveCfg = Debug|Windows-ARM
		{9DD723B5-6B73-44EF-AABA-4594C69B493C}.Debug|Windows-ARM.Build.0 = Debug|Windows-ARM
		{9DD723B5-6B73-44EF-AABA-4594C69B493C}.Debug|Windows-ARM.Deploy.0 = Debug|Windows-ARM
		{9DD723B5-6B73-44EF-AABA-4594C69B493C}.Debug|Windows-x64.ActiveCfg = Debug|Windows-x64
		{9DD723B5-6B73-44EF-AABA-4594C69B493C}.Debug|Windows-x64.Build.0 = Debug|Windows-x64
		{9DD723B5-6B73-44EF-AABA-4594C69B493C}.Debug|Windows-x64.Deploy.0 = Debug|Windows-x64
		{9DD723B5-6B73-44EF-AABA-4594C69B493C}.Debug|Windows-x86.ActiveCfg = Debug|Windows-x86
		{9DD723B5-6B73-44EF-AABA-4594C69B493C}.Debug|Windows-x86.Build.0 = Debug|Windows-x86
		{9DD723B5-6B73-44EF-AABA-4594C69B493C}.Debug|Windows-x86.Deploy.0 = Debug|Windows-x86
		{9DD723B5-6B73-44EF-AABA-4594C69B493C}.Release|Android.ActiveCfg = Release|Android
		{9DD723B5-6B73-44EF-AABA-4594C69B493C}.Release|Android.Build.0 = Release|Android
		{9DD723B5-6B73-44EF-AABA-4594C69B493C}.Release|Android.Deploy.0 = Release|Android
		{9DD723B5-6B73-44EF-AABA-4594C69B493C}.Release|iOS.ActiveCfg = Release|iOS
		{9DD723B5-6B73-44EF-AABA-4594C69B493C}.Release|iOS.Build.0 = Release|iOS
		{9DD723B5-6B73-44EF-AABA-4594C69B493C}.Release|iOS.Deploy.0 = Release|iOS
		{9DD723B5-6B73-44EF-AABA-4594C69B493C}.Release|Windows-ARM.ActiveCfg = Release|Windows-ARM
		{9DD723B5-6B73-44EF-AABA-4594C69B493C}.Release|Windows-ARM.Build.0 = Release|Windows-ARM
		{9DD723B5-6B73-44EF-AABA-4594C69B493C}.Release|Windows-ARM.Deploy.0 = Release|Windows-ARM
		{9DD723B5-6B73-44EF-AABA-4594C69B493C}.Release|Windows-x64.ActiveCfg = Release|Windows-x64
		{9DD723B5-6B73-44EF-AABA-4594C69B493C}.Release|Windows-x64.Build.0 = Release|Windows-x64
		{9DD723B5-6B73-44EF-AABA-4594C69B493C}.Release|Windows-x64.Deploy.0 = Release|Windows-x64
		{9DD723B5-6B73-44EF-AABA-4594C69B493C}.Release|Windows-x86.ActiveCfg = Release|Windows-x86
		{9DD723B5-6B73-44EF-AABA-4594C69B493C}.Release|Windows-x86.Build.0 = Release|Windows-x86
		{9DD723B5-6B73-44EF-AABA-4594C69B493C}.Release|Windows-x86.Deploy.0 = Release|Windows-x86
	EndGlobalSection
	GlobalSection(SolutionProperties) = preSolution
		HideSolutionNode = FALSE
	EndGlobalSection
	GlobalSection(ExtensibilityGlobals) = postSolution
		SolutionGuid = {E936F97F-6863-4E9D-859C-BE9D883459EB}
	EndGlobalSection
EndGlobal
